
Microsoft Visual Studio Solution File, Format Version 12.00
Project("{FAE04EC0-301F-11D3-BF4B-00C04F79EFBC}") = "ShopGame", "ShopGame\ShopGame.csproj", "{5C107242-E3DC-443D-99F1-40B6667C89DD}"
EndProject
Global
	GlobalSection(SolutionConfigurationPlatforms) = preSolution
		Debug|Any CPU = Debug|Any CPU
		Release|Any CPU = Release|Any CPU
	EndGlobalSection
	GlobalSection(ProjectConfigurationPlatforms) = postSolution
		{5C107242-E3DC-443D-99F1-40B6667C89DD}.Debug|Any CPU.ActiveCfg = Debug|Any CPU
		{5C107242-E3DC-443D-99F1-40B6667C89DD}.Debug|Any CPU.Build.0 = Debug|Any CPU
		{5C107242-E3DC-443D-99F1-40B6667C89DD}.Release|Any CPU.ActiveCfg = Release|Any CPU
		{5C107242-E3DC-443D-99F1-40B6667C89DD}.Release|Any CPU.Build.0 = Release|Any CPU
	EndGlobalSection
EndGlobal
